
Microsoft Visual Studio Solution File, Format Version 12.00
# Visual Studio 14
VisualStudioVersion = 14.0.23107.0
MinimumVisualStudioVersion = 10.0.40219.1
Project("{8BC9CEB8-8B4A-11D0-8D11-00A0C91BC942}") = "openfst", "openFST\testOpenFST.vcxproj", "{4E01BDB9-40A5-49B2-AA97-CA82CB3EEAD9}"
EndProject
Project("{2150E333-8FDC-42A3-9474-1A3956D46DE8}") = "test", "test", "{FCCE7BFA-2FCF-418C-8AED-0340EAD66419}"
EndProject
Project("{8BC9CEB8-8B4A-11D0-8D11-00A0C91BC942}") = "algotest", "algotest\algotest.vcxproj", "{5880CC7B-296A-46BF-B67C-71BF3726E71C}"
EndProject
Project("{8BC9CEB8-8B4A-11D0-8D11-00A0C91BC942}") = "fst_test", "fst_test\fst_test.vcxproj", "{0BD15828-81AD-408D-A655-473CA3289589}"
EndProject
Project("{8BC9CEB8-8B4A-11D0-8D11-00A0C91BC942}") = "weight_test", "weight_test\weight_test.vcxproj", "{14A26F83-F484-402F-9594-62A7518C8B26}"
EndProject
Project("{2150E333-8FDC-42A3-9474-1A3956D46DE8}") = "fst", "fst", "{8B6EAFC2-2533-4FB2-8133-393B8484C910}"
EndProject
Project("{8BC9CEB8-8B4A-11D0-8D11-00A0C91BC942}") = "fstcompile", "fstcompile\fstcompile.vcxproj", "{15A81170-7C76-4155-A215-E1BEA432C109}"
EndProject
Project("{8BC9CEB8-8B4A-11D0-8D11-00A0C91BC942}") = "fstarcsort", "fstarcsort\fstarcsort.vcxproj", "{4F0F75F5-F897-4DA2-90E2-152927B9F729}"
EndProject
Project("{8BC9CEB8-8B4A-11D0-8D11-00A0C91BC942}") = "fstclosure", "fstclosure\fstclosure.vcxproj", "{C9D4ED43-43D8-4A32-B0ED-1D3B1E8BC0E1}"
EndProject
Project("{8BC9CEB8-8B4A-11D0-8D11-00A0C91BC942}") = "fstconcat", "fstconcat\fstconcat.vcxproj", "{08EEF5AE-15E2-48A5-AC13-4E5F009EA62E}"
EndProject
Project("{8BC9CEB8-8B4A-11D0-8D11-00A0C91BC942}") = "fstconvert", "fstconvert\fstconvert.vcxproj", "{B820C9BD-08DE-467A-B691-BF5D94B59CFB}"
EndProject
Project("{8BC9CEB8-8B4A-11D0-8D11-00A0C91BC942}") = "fstinfo", "fstinfo\fstinfo.vcxproj", "{3D5C1FEB-D3DF-49DC-B3EF-397BAF3B5313}"
EndProject
Project("{8BC9CEB8-8B4A-11D0-8D11-00A0C91BC942}") = "fstinvert", "fstinvert\fstinvert.vcxproj", "{8F00977D-9ABC-4098-A014-6C84C40F7A09}"
EndProject
Project("{8BC9CEB8-8B4A-11D0-8D11-00A0C91BC942}") = "fstprint", "fstprint\fstprint.vcxproj", "{44F1A309-05D4-448B-A47C-E4E5F11F4B3E}"
EndProject
Project("{8BC9CEB8-8B4A-11D0-8D11-00A0C91BC942}") = "fstconnect", "fstconnect\fstconnect.vcxproj", "{31CD0891-1A9F-49D8-803C-44375D090A9F}"
EndProject
Project("{2150E333-8FDC-42A3-9474-1A3956D46DE8}") = "far", "far", "{042FFA1A-11D0-406B-8C3B-69038266212E}"
EndProject
Project("{8BC9CEB8-8B4A-11D0-8D11-00A0C91BC942}") = "farcreate", "farcreate\farcreate.vcxproj", "{B8499486-A6A0-46D8-83CD-EABE5DB56C13}"
EndProject
Project("{8BC9CEB8-8B4A-11D0-8D11-00A0C91BC942}") = "farcompilingstrings", "farcompilingstrings\farcompilingstrings.vcxproj", "{C00B0FEE-6639-47C5-9523-9B4BF5E893BF}"
EndProject
Project("{8BC9CEB8-8B4A-11D0-8D11-00A0C91BC942}") = "farextract", "farextract\farextract.vcxproj", "{CB9D591D-3E1D-4CD5-ACFC-C33EAF0D1DF1}"
EndProject
Project("{8BC9CEB8-8B4A-11D0-8D11-00A0C91BC942}") = "farinfo", "farinfo\farinfo.vcxproj", "{889CDDAD-C6B0-4371-974A-7A6B336F34F9}"
EndProject
Project("{8BC9CEB8-8B4A-11D0-8D11-00A0C91BC942}") = "farisomorphic", "farisomorphic\farisomorphic.vcxproj", "{3E747D27-62BB-4AA4-B9D7-52F3A0B61C5D}"
EndProject
Project("{8BC9CEB8-8B4A-11D0-8D11-00A0C91BC942}") = "farprintstrings", "farprintstrings\farprintstrings.vcxproj", "{2A15B58C-CAC2-4254-9D0A-A09E2F049C24}"
EndProject
Global
	GlobalSection(SolutionConfigurationPlatforms) = preSolution
		Debug|x64 = Debug|x64
		Debug|x86 = Debug|x86
		Release|x64 = Release|x64
		Release|x86 = Release|x86
		Release64|x64 = Release64|x64
		Release64|x86 = Release64|x86
	EndGlobalSection
	GlobalSection(ProjectConfigurationPlatforms) = postSolution
		{4E01BDB9-40A5-49B2-AA97-CA82CB3EEAD9}.Debug|x64.ActiveCfg = Debug|x64
		{4E01BDB9-40A5-49B2-AA97-CA82CB3EEAD9}.Debug|x64.Build.0 = Debug|x64
		{4E01BDB9-40A5-49B2-AA97-CA82CB3EEAD9}.Debug|x86.ActiveCfg = Debug|Win32
		{4E01BDB9-40A5-49B2-AA97-CA82CB3EEAD9}.Debug|x86.Build.0 = Debug|Win32
		{4E01BDB9-40A5-49B2-AA97-CA82CB3EEAD9}.Release|x64.ActiveCfg = Release|x64
		{4E01BDB9-40A5-49B2-AA97-CA82CB3EEAD9}.Release|x64.Build.0 = Release|x64
		{4E01BDB9-40A5-49B2-AA97-CA82CB3EEAD9}.Release|x86.ActiveCfg = Release|Win32
		{4E01BDB9-40A5-49B2-AA97-CA82CB3EEAD9}.Release|x86.Build.0 = Release|Win32
		{4E01BDB9-40A5-49B2-AA97-CA82CB3EEAD9}.Release64|x64.ActiveCfg = Release64|x64
		{4E01BDB9-40A5-49B2-AA97-CA82CB3EEAD9}.Release64|x64.Build.0 = Release64|x64
		{4E01BDB9-40A5-49B2-AA97-CA82CB3EEAD9}.Release64|x86.ActiveCfg = Release64|Win32
		{4E01BDB9-40A5-49B2-AA97-CA82CB3EEAD9}.Release64|x86.Build.0 = Release64|Win32
		{5880CC7B-296A-46BF-B67C-71BF3726E71C}.Debug|x64.ActiveCfg = Debug|x64
		{5880CC7B-296A-46BF-B67C-71BF3726E71C}.Debug|x64.Build.0 = Debug|x64
		{5880CC7B-296A-46BF-B67C-71BF3726E71C}.Debug|x86.ActiveCfg = Debug|Win32
		{5880CC7B-296A-46BF-B67C-71BF3726E71C}.Debug|x86.Build.0 = Debug|Win32
		{5880CC7B-296A-46BF-B67C-71BF3726E71C}.Release|x64.ActiveCfg = Release|x64
		{5880CC7B-296A-46BF-B67C-71BF3726E71C}.Release|x64.Build.0 = Release|x64
		{5880CC7B-296A-46BF-B67C-71BF3726E71C}.Release|x86.ActiveCfg = Release|Win32
		{5880CC7B-296A-46BF-B67C-71BF3726E71C}.Release|x86.Build.0 = Release|Win32
		{5880CC7B-296A-46BF-B67C-71BF3726E71C}.Release64|x64.ActiveCfg = Release64|x64
		{5880CC7B-296A-46BF-B67C-71BF3726E71C}.Release64|x64.Build.0 = Release64|x64
		{5880CC7B-296A-46BF-B67C-71BF3726E71C}.Release64|x86.ActiveCfg = Release64|Win32
		{5880CC7B-296A-46BF-B67C-71BF3726E71C}.Release64|x86.Build.0 = Release64|Win32
		{0BD15828-81AD-408D-A655-473CA3289589}.Debug|x64.ActiveCfg = Debug|x64
		{0BD15828-81AD-408D-A655-473CA3289589}.Debug|x64.Build.0 = Debug|x64
		{0BD15828-81AD-408D-A655-473CA3289589}.Debug|x86.ActiveCfg = Debug|Win32
		{0BD15828-81AD-408D-A655-473CA3289589}.Debug|x86.Build.0 = Debug|Win32
		{0BD15828-81AD-408D-A655-473CA3289589}.Release|x64.ActiveCfg = Release|x64
		{0BD15828-81AD-408D-A655-473CA3289589}.Release|x64.Build.0 = Release|x64
		{0BD15828-81AD-408D-A655-473CA3289589}.Release|x86.ActiveCfg = Release|Win32
		{0BD15828-81AD-408D-A655-473CA3289589}.Release|x86.Build.0 = Release|Win32
		{0BD15828-81AD-408D-A655-473CA3289589}.Release64|x64.ActiveCfg = Release64|x64
		{0BD15828-81AD-408D-A655-473CA3289589}.Release64|x64.Build.0 = Release64|x64
		{0BD15828-81AD-408D-A655-473CA3289589}.Release64|x86.ActiveCfg = Release64|Win32
		{0BD15828-81AD-408D-A655-473CA3289589}.Release64|x86.Build.0 = Release64|Win32
		{14A26F83-F484-402F-9594-62A7518C8B26}.Debug|x64.ActiveCfg = Debug|x64
		{14A26F83-F484-402F-9594-62A7518C8B26}.Debug|x64.Build.0 = Debug|x64
		{14A26F83-F484-402F-9594-62A7518C8B26}.Debug|x86.ActiveCfg = Debug|Win32
		{14A26F83-F484-402F-9594-62A7518C8B26}.Debug|x86.Build.0 = Debug|Win32
		{14A26F83-F484-402F-9594-62A7518C8B26}.Release|x64.ActiveCfg = Release|x64
		{14A26F83-F484-402F-9594-62A7518C8B26}.Release|x64.Build.0 = Release|x64
		{14A26F83-F484-402F-9594-62A7518C8B26}.Release|x86.ActiveCfg = Release|Win32
		{14A26F83-F484-402F-9594-62A7518C8B26}.Release|x86.Build.0 = Release|Win32
		{14A26F83-F484-402F-9594-62A7518C8B26}.Release64|x64.ActiveCfg = Release64|x64
		{14A26F83-F484-402F-9594-62A7518C8B26}.Release64|x64.Build.0 = Release64|x64
		{14A26F83-F484-402F-9594-62A7518C8B26}.Release64|x86.ActiveCfg = Release64|Win32
		{14A26F83-F484-402F-9594-62A7518C8B26}.Release64|x86.Build.0 = Release64|Win32
		{15A81170-7C76-4155-A215-E1BEA432C109}.Debug|x64.ActiveCfg = Debug|x64
		{15A81170-7C76-4155-A215-E1BEA432C109}.Debug|x64.Build.0 = Debug|x64
		{15A81170-7C76-4155-A215-E1BEA432C109}.Debug|x86.ActiveCfg = Debug|Win32
		{15A81170-7C76-4155-A215-E1BEA432C109}.Debug|x86.Build.0 = Debug|Win32
		{15A81170-7C76-4155-A215-E1BEA432C109}.Release|x64.ActiveCfg = Release|x64
		{15A81170-7C76-4155-A215-E1BEA432C109}.Release|x64.Build.0 = Release|x64
		{15A81170-7C76-4155-A215-E1BEA432C109}.Release|x86.ActiveCfg = Release|Win32
		{15A81170-7C76-4155-A215-E1BEA432C109}.Release|x86.Build.0 = Release|Win32
		{15A81170-7C76-4155-A215-E1BEA432C109}.Release64|x64.ActiveCfg = Release64|x64
		{15A81170-7C76-4155-A215-E1BEA432C109}.Release64|x64.Build.0 = Release64|x64
		{15A81170-7C76-4155-A215-E1BEA432C109}.Release64|x86.ActiveCfg = Release64|Win32
		{15A81170-7C76-4155-A215-E1BEA432C109}.Release64|x86.Build.0 = Release64|Win32
		{4F0F75F5-F897-4DA2-90E2-152927B9F729}.Debug|x64.ActiveCfg = Debug|x64
		{4F0F75F5-F897-4DA2-90E2-152927B9F729}.Debug|x64.Build.0 = Debug|x64
		{4F0F75F5-F897-4DA2-90E2-152927B9F729}.Debug|x86.ActiveCfg = Debug|Win32
		{4F0F75F5-F897-4DA2-90E2-152927B9F729}.Debug|x86.Build.0 = Debug|Win32
		{4F0F75F5-F897-4DA2-90E2-152927B9F729}.Release|x64.ActiveCfg = Release|x64
		{4F0F75F5-F897-4DA2-90E2-152927B9F729}.Release|x64.Build.0 = Release|x64
		{4F0F75F5-F897-4DA2-90E2-152927B9F729}.Release|x86.ActiveCfg = Release|Win32
		{4F0F75F5-F897-4DA2-90E2-152927B9F729}.Release|x86.Build.0 = Release|Win32
		{4F0F75F5-F897-4DA2-90E2-152927B9F729}.Release64|x64.ActiveCfg = Release64|x64
		{4F0F75F5-F897-4DA2-90E2-152927B9F729}.Release64|x64.Build.0 = Release64|x64
		{4F0F75F5-F897-4DA2-90E2-152927B9F729}.Release64|x86.ActiveCfg = Release64|Win32
		{4F0F75F5-F897-4DA2-90E2-152927B9F729}.Release64|x86.Build.0 = Release64|Win32
		{C9D4ED43-43D8-4A32-B0ED-1D3B1E8BC0E1}.Debug|x64.ActiveCfg = Debug|x64
		{C9D4ED43-43D8-4A32-B0ED-1D3B1E8BC0E1}.Debug|x64.Build.0 = Debug|x64
		{C9D4ED43-43D8-4A32-B0ED-1D3B1E8BC0E1}.Debug|x86.ActiveCfg = Debug|Win32
		{C9D4ED43-43D8-4A32-B0ED-1D3B1E8BC0E1}.Debug|x86.Build.0 = Debug|Win32
		{C9D4ED43-43D8-4A32-B0ED-1D3B1E8BC0E1}.Release|x64.ActiveCfg = Release|x64
		{C9D4ED43-43D8-4A32-B0ED-1D3B1E8BC0E1}.Release|x64.Build.0 = Release|x64
		{C9D4ED43-43D8-4A32-B0ED-1D3B1E8BC0E1}.Release|x86.ActiveCfg = Release|Win32
		{C9D4ED43-43D8-4A32-B0ED-1D3B1E8BC0E1}.Release|x86.Build.0 = Release|Win32
		{C9D4ED43-43D8-4A32-B0ED-1D3B1E8BC0E1}.Release64|x64.ActiveCfg = Release64|x64
		{C9D4ED43-43D8-4A32-B0ED-1D3B1E8BC0E1}.Release64|x64.Build.0 = Release64|x64
		{C9D4ED43-43D8-4A32-B0ED-1D3B1E8BC0E1}.Release64|x86.ActiveCfg = Release64|Win32
		{C9D4ED43-43D8-4A32-B0ED-1D3B1E8BC0E1}.Release64|x86.Build.0 = Release64|Win32
		{08EEF5AE-15E2-48A5-AC13-4E5F009EA62E}.Debug|x64.ActiveCfg = Debug|x64
		{08EEF5AE-15E2-48A5-AC13-4E5F009EA62E}.Debug|x64.Build.0 = Debug|x64
		{08EEF5AE-15E2-48A5-AC13-4E5F009EA62E}.Debug|x86.ActiveCfg = Debug|Win32
		{08EEF5AE-15E2-48A5-AC13-4E5F009EA62E}.Debug|x86.Build.0 = Debug|Win32
		{08EEF5AE-15E2-48A5-AC13-4E5F009EA62E}.Release|x64.ActiveCfg = Release|x64
		{08EEF5AE-15E2-48A5-AC13-4E5F009EA62E}.Release|x64.Build.0 = Release|x64
		{08EEF5AE-15E2-48A5-AC13-4E5F009EA62E}.Release|x86.ActiveCfg = Release|Win32
		{08EEF5AE-15E2-48A5-AC13-4E5F009EA62E}.Release|x86.Build.0 = Release|Win32
		{08EEF5AE-15E2-48A5-AC13-4E5F009EA62E}.Release64|x64.ActiveCfg = Release64|x64
		{08EEF5AE-15E2-48A5-AC13-4E5F009EA62E}.Release64|x64.Build.0 = Release64|x64
		{08EEF5AE-15E2-48A5-AC13-4E5F009EA62E}.Release64|x86.ActiveCfg = Release64|Win32
		{08EEF5AE-15E2-48A5-AC13-4E5F009EA62E}.Release64|x86.Build.0 = Release64|Win32
		{B820C9BD-08DE-467A-B691-BF5D94B59CFB}.Debug|x64.ActiveCfg = Debug|x64
		{B820C9BD-08DE-467A-B691-BF5D94B59CFB}.Debug|x64.Build.0 = Debug|x64
		{B820C9BD-08DE-467A-B691-BF5D94B59CFB}.Debug|x86.ActiveCfg = Debug|Win32
		{B820C9BD-08DE-467A-B691-BF5D94B59CFB}.Debug|x86.Build.0 = Debug|Win32
		{B820C9BD-08DE-467A-B691-BF5D94B59CFB}.Release|x64.ActiveCfg = Release|x64
		{B820C9BD-08DE-467A-B691-BF5D94B59CFB}.Release|x64.Build.0 = Release|x64
		{B820C9BD-08DE-467A-B691-BF5D94B59CFB}.Release|x86.ActiveCfg = Release|Win32
		{B820C9BD-08DE-467A-B691-BF5D94B59CFB}.Release|x86.Build.0 = Release|Win32
		{B820C9BD-08DE-467A-B691-BF5D94B59CFB}.Release64|x64.ActiveCfg = Release|x64
		{B820C9BD-08DE-467A-B691-BF5D94B59CFB}.Release64|x64.Build.0 = Release|x64
		{B820C9BD-08DE-467A-B691-BF5D94B59CFB}.Release64|x86.ActiveCfg = Release|Win32
		{B820C9BD-08DE-467A-B691-BF5D94B59CFB}.Release64|x86.Build.0 = Release|Win32
		{3D5C1FEB-D3DF-49DC-B3EF-397BAF3B5313}.Debug|x64.ActiveCfg = Debug|x64
		{3D5C1FEB-D3DF-49DC-B3EF-397BAF3B5313}.Debug|x64.Build.0 = Debug|x64
		{3D5C1FEB-D3DF-49DC-B3EF-397BAF3B5313}.Debug|x86.ActiveCfg = Debug|Win32
		{3D5C1FEB-D3DF-49DC-B3EF-397BAF3B5313}.Debug|x86.Build.0 = Debug|Win32
		{3D5C1FEB-D3DF-49DC-B3EF-397BAF3B5313}.Release|x64.ActiveCfg = Release|x64
		{3D5C1FEB-D3DF-49DC-B3EF-397BAF3B5313}.Release|x64.Build.0 = Release|x64
		{3D5C1FEB-D3DF-49DC-B3EF-397BAF3B5313}.Release|x86.ActiveCfg = Release|Win32
		{3D5C1FEB-D3DF-49DC-B3EF-397BAF3B5313}.Release|x86.Build.0 = Release|Win32
		{3D5C1FEB-D3DF-49DC-B3EF-397BAF3B5313}.Release64|x64.ActiveCfg = Release|x64
		{3D5C1FEB-D3DF-49DC-B3EF-397BAF3B5313}.Release64|x64.Build.0 = Release|x64
		{3D5C1FEB-D3DF-49DC-B3EF-397BAF3B5313}.Release64|x86.ActiveCfg = Release|Win32
		{3D5C1FEB-D3DF-49DC-B3EF-397BAF3B5313}.Release64|x86.Build.0 = Release|Win32
		{8F00977D-9ABC-4098-A014-6C84C40F7A09}.Debug|x64.ActiveCfg = Debug|x64
		{8F00977D-9ABC-4098-A014-6C84C40F7A09}.Debug|x64.Build.0 = Debug|x64
		{8F00977D-9ABC-4098-A014-6C84C40F7A09}.Debug|x86.ActiveCfg = Debug|Win32
		{8F00977D-9ABC-4098-A014-6C84C40F7A09}.Debug|x86.Build.0 = Debug|Win32
		{8F00977D-9ABC-4098-A014-6C84C40F7A09}.Release|x64.ActiveCfg = Release|x64
		{8F00977D-9ABC-4098-A014-6C84C40F7A09}.Release|x64.Build.0 = Release|x64
		{8F00977D-9ABC-4098-A014-6C84C40F7A09}.Release|x86.ActiveCfg = Release|Win32
		{8F00977D-9ABC-4098-A014-6C84C40F7A09}.Release|x86.Build.0 = Release|Win32
		{8F00977D-9ABC-4098-A014-6C84C40F7A09}.Release64|x64.ActiveCfg = Release|x64
		{8F00977D-9ABC-4098-A014-6C84C40F7A09}.Release64|x64.Build.0 = Release|x64
		{8F00977D-9ABC-4098-A014-6C84C40F7A09}.Release64|x86.ActiveCfg = Release|Win32
		{8F00977D-9ABC-4098-A014-6C84C40F7A09}.Release64|x86.Build.0 = Release|Win32
		{44F1A309-05D4-448B-A47C-E4E5F11F4B3E}.Debug|x64.ActiveCfg = Debug|x64
		{44F1A309-05D4-448B-A47C-E4E5F11F4B3E}.Debug|x64.Build.0 = Debug|x64
		{44F1A309-05D4-448B-A47C-E4E5F11F4B3E}.Debug|x86.ActiveCfg = Debug|Win32
		{44F1A309-05D4-448B-A47C-E4E5F11F4B3E}.Debug|x86.Build.0 = Debug|Win32
		{44F1A309-05D4-448B-A47C-E4E5F11F4B3E}.Release|x64.ActiveCfg = Release|x64
		{44F1A309-05D4-448B-A47C-E4E5F11F4B3E}.Release|x64.Build.0 = Release|x64
		{44F1A309-05D4-448B-A47C-E4E5F11F4B3E}.Release|x86.ActiveCfg = Release|Win32
		{44F1A309-05D4-448B-A47C-E4E5F11F4B3E}.Release|x86.Build.0 = Release|Win32
		{44F1A309-05D4-448B-A47C-E4E5F11F4B3E}.Release64|x64.ActiveCfg = Release|x64
		{44F1A309-05D4-448B-A47C-E4E5F11F4B3E}.Release64|x64.Build.0 = Release|x64
		{44F1A309-05D4-448B-A47C-E4E5F11F4B3E}.Release64|x86.ActiveCfg = Release|Win32
		{44F1A309-05D4-448B-A47C-E4E5F11F4B3E}.Release64|x86.Build.0 = Release|Win32
		{31CD0891-1A9F-49D8-803C-44375D090A9F}.Debug|x64.ActiveCfg = Debug|x64
		{31CD0891-1A9F-49D8-803C-44375D090A9F}.Debug|x64.Build.0 = Debug|x64
		{31CD0891-1A9F-49D8-803C-44375D090A9F}.Debug|x86.ActiveCfg = Debug|Win32
		{31CD0891-1A9F-49D8-803C-44375D090A9F}.Debug|x86.Build.0 = Debug|Win32
		{31CD0891-1A9F-49D8-803C-44375D090A9F}.Release|x64.ActiveCfg = Release|x64
		{31CD0891-1A9F-49D8-803C-44375D090A9F}.Release|x64.Build.0 = Release|x64
		{31CD0891-1A9F-49D8-803C-44375D090A9F}.Release|x86.ActiveCfg = Release|Win32
		{31CD0891-1A9F-49D8-803C-44375D090A9F}.Release|x86.Build.0 = Release|Win32
		{31CD0891-1A9F-49D8-803C-44375D090A9F}.Release64|x64.ActiveCfg = Release64|x64
		{31CD0891-1A9F-49D8-803C-44375D090A9F}.Release64|x64.Build.0 = Release64|x64
		{31CD0891-1A9F-49D8-803C-44375D090A9F}.Release64|x86.ActiveCfg = Release64|Win32
		{31CD0891-1A9F-49D8-803C-44375D090A9F}.Release64|x86.Build.0 = Release64|Win32
		{B8499486-A6A0-46D8-83CD-EABE5DB56C13}.Debug|x64.ActiveCfg = Debug|x64
		{B8499486-A6A0-46D8-83CD-EABE5DB56C13}.Debug|x64.Build.0 = Debug|x64
		{B8499486-A6A0-46D8-83CD-EABE5DB56C13}.Debug|x86.ActiveCfg = Debug|Win32
		{B8499486-A6A0-46D8-83CD-EABE5DB56C13}.Debug|x86.Build.0 = Debug|Win32
		{B8499486-A6A0-46D8-83CD-EABE5DB56C13}.Release|x64.ActiveCfg = Release|x64
		{B8499486-A6A0-46D8-83CD-EABE5DB56C13}.Release|x64.Build.0 = Release|x64
		{B8499486-A6A0-46D8-83CD-EABE5DB56C13}.Release|x86.ActiveCfg = Release|Win32
		{B8499486-A6A0-46D8-83CD-EABE5DB56C13}.Release|x86.Build.0 = Release|Win32
		{B8499486-A6A0-46D8-83CD-EABE5DB56C13}.Release64|x64.ActiveCfg = Release|x64
		{B8499486-A6A0-46D8-83CD-EABE5DB56C13}.Release64|x64.Build.0 = Release|x64
		{B8499486-A6A0-46D8-83CD-EABE5DB56C13}.Release64|x86.ActiveCfg = Release|Win32
		{B8499486-A6A0-46D8-83CD-EABE5DB56C13}.Release64|x86.Build.0 = Release|Win32
		{C00B0FEE-6639-47C5-9523-9B4BF5E893BF}.Debug|x64.ActiveCfg = Debug|x64
		{C00B0FEE-6639-47C5-9523-9B4BF5E893BF}.Debug|x64.Build.0 = Debug|x64
		{C00B0FEE-6639-47C5-9523-9B4BF5E893BF}.Debug|x86.ActiveCfg = Debug|Win32
		{C00B0FEE-6639-47C5-9523-9B4BF5E893BF}.Debug|x86.Build.0 = Debug|Win32
		{C00B0FEE-6639-47C5-9523-9B4BF5E893BF}.Release|x64.ActiveCfg = Release|x64
		{C00B0FEE-6639-47C5-9523-9B4BF5E893BF}.Release|x64.Build.0 = Release|x64
		{C00B0FEE-6639-47C5-9523-9B4BF5E893BF}.Release|x86.ActiveCfg = Release|Win32
		{C00B0FEE-6639-47C5-9523-9B4BF5E893BF}.Release|x86.Build.0 = Release|Win32
		{C00B0FEE-6639-47C5-9523-9B4BF5E893BF}.Release64|x64.ActiveCfg = Release|x64
		{C00B0FEE-6639-47C5-9523-9B4BF5E893BF}.Release64|x64.Build.0 = Release|x64
		{C00B0FEE-6639-47C5-9523-9B4BF5E893BF}.Release64|x86.ActiveCfg = Release|Win32
		{C00B0FEE-6639-47C5-9523-9B4BF5E893BF}.Release64|x86.Build.0 = Release|Win32
		{CB9D591D-3E1D-4CD5-ACFC-C33EAF0D1DF1}.Debug|x64.ActiveCfg = Debug|x64
		{CB9D591D-3E1D-4CD5-ACFC-C33EAF0D1DF1}.Debug|x64.Build.0 = Debug|x64
		{CB9D591D-3E1D-4CD5-ACFC-C33EAF0D1DF1}.Debug|x86.ActiveCfg = Debug|Win32
		{CB9D591D-3E1D-4CD5-ACFC-C33EAF0D1DF1}.Debug|x86.Build.0 = Debug|Win32
		{CB9D591D-3E1D-4CD5-ACFC-C33EAF0D1DF1}.Release|x64.ActiveCfg = Release|x64
		{CB9D591D-3E1D-4CD5-ACFC-C33EAF0D1DF1}.Release|x64.Build.0 = Release|x64
		{CB9D591D-3E1D-4CD5-ACFC-C33EAF0D1DF1}.Release|x86.ActiveCfg = Release|Win32
		{CB9D591D-3E1D-4CD5-ACFC-C33EAF0D1DF1}.Release|x86.Build.0 = Release|Win32
		{CB9D591D-3E1D-4CD5-ACFC-C33EAF0D1DF1}.Release64|x64.ActiveCfg = Release|x64
		{CB9D591D-3E1D-4CD5-ACFC-C33EAF0D1DF1}.Release64|x64.Build.0 = Release|x64
		{CB9D591D-3E1D-4CD5-ACFC-C33EAF0D1DF1}.Release64|x86.ActiveCfg = Release|Win32
		{CB9D591D-3E1D-4CD5-ACFC-C33EAF0D1DF1}.Release64|x86.Build.0 = Release|Win32
		{889CDDAD-C6B0-4371-974A-7A6B336F34F9}.Debug|x64.ActiveCfg = Debug|x64
		{889CDDAD-C6B0-4371-974A-7A6B336F34F9}.Debug|x64.Build.0 = Debug|x64
		{889CDDAD-C6B0-4371-974A-7A6B336F34F9}.Debug|x86.ActiveCfg = Debug|Win32
		{889CDDAD-C6B0-4371-974A-7A6B336F34F9}.Debug|x86.Build.0 = Debug|Win32
		{889CDDAD-C6B0-4371-974A-7A6B336F34F9}.Release|x64.ActiveCfg = Release|x64
		{889CDDAD-C6B0-4371-974A-7A6B336F34F9}.Release|x64.Build.0 = Release|x64
		{889CDDAD-C6B0-4371-974A-7A6B336F34F9}.Release|x86.ActiveCfg = Release|Win32
		{889CDDAD-C6B0-4371-974A-7A6B336F34F9}.Release|x86.Build.0 = Release|Win32
		{889CDDAD-C6B0-4371-974A-7A6B336F34F9}.Release64|x64.ActiveCfg = Release|x64
		{889CDDAD-C6B0-4371-974A-7A6B336F34F9}.Release64|x64.Build.0 = Release|x64
		{889CDDAD-C6B0-4371-974A-7A6B336F34F9}.Release64|x86.ActiveCfg = Release|Win32
		{889CDDAD-C6B0-4371-974A-7A6B336F34F9}.Release64|x86.Build.0 = Release|Win32
		{3E747D27-62BB-4AA4-B9D7-52F3A0B61C5D}.Debug|x64.ActiveCfg = Debug|x64
		{3E747D27-62BB-4AA4-B9D7-52F3A0B61C5D}.Debug|x64.Build.0 = Debug|x64
		{3E747D27-62BB-4AA4-B9D7-52F3A0B61C5D}.Debug|x86.ActiveCfg = Debug|Win32
		{3E747D27-62BB-4AA4-B9D7-52F3A0B61C5D}.Debug|x86.Build.0 = Debug|Win32
		{3E747D27-62BB-4AA4-B9D7-52F3A0B61C5D}.Release|x64.ActiveCfg = Release|x64
		{3E747D27-62BB-4AA4-B9D7-52F3A0B61C5D}.Release|x64.Build.0 = Release|x64
		{3E747D27-62BB-4AA4-B9D7-52F3A0B61C5D}.Release|x86.ActiveCfg = Release|Win32
		{3E747D27-62BB-4AA4-B9D7-52F3A0B61C5D}.Release|x86.Build.0 = Release|Win32
		{3E747D27-62BB-4AA4-B9D7-52F3A0B61C5D}.Release64|x64.ActiveCfg = Release|x64
		{3E747D27-62BB-4AA4-B9D7-52F3A0B61C5D}.Release64|x64.Build.0 = Release|x64
		{3E747D27-62BB-4AA4-B9D7-52F3A0B61C5D}.Release64|x86.ActiveCfg = Release|Win32
		{3E747D27-62BB-4AA4-B9D7-52F3A0B61C5D}.Release64|x86.Build.0 = Release|Win32
		{2A15B58C-CAC2-4254-9D0A-A09E2F049C24}.Debug|x64.ActiveCfg = Debug|x64
		{2A15B58C-CAC2-4254-9D0A-A09E2F049C24}.Debug|x64.Build.0 = Debug|x64
		{2A15B58C-CAC2-4254-9D0A-A09E2F049C24}.Debug|x86.ActiveCfg = Debug|Win32
		{2A15B58C-CAC2-4254-9D0A-A09E2F049C24}.Debug|x86.Build.0 = Debug|Win32
		{2A15B58C-CAC2-4254-9D0A-A09E2F049C24}.Release|x64.ActiveCfg = Release|x64
		{2A15B58C-CAC2-4254-9D0A-A09E2F049C24}.Release|x64.Build.0 = Release|x64
		{2A15B58C-CAC2-4254-9D0A-A09E2F049C24}.Release|x86.ActiveCfg = Release|Win32
		{2A15B58C-CAC2-4254-9D0A-A09E2F049C24}.Release|x86.Build.0 = Release|Win32
		{2A15B58C-CAC2-4254-9D0A-A09E2F049C24}.Release64|x64.ActiveCfg = Release64|x64
		{2A15B58C-CAC2-4254-9D0A-A09E2F049C24}.Release64|x64.Build.0 = Release64|x64
		{2A15B58C-CAC2-4254-9D0A-A09E2F049C24}.Release64|x86.ActiveCfg = Release64|Win32
		{2A15B58C-CAC2-4254-9D0A-A09E2F049C24}.Release64|x86.Build.0 = Release64|Win32
	EndGlobalSection
	GlobalSection(SolutionProperties) = preSolution
		HideSolutionNode = FALSE
	EndGlobalSection
	GlobalSection(NestedProjects) = preSolution
		{5880CC7B-296A-46BF-B67C-71BF3726E71C} = {FCCE7BFA-2FCF-418C-8AED-0340EAD66419}
		{0BD15828-81AD-408D-A655-473CA3289589} = {FCCE7BFA-2FCF-418C-8AED-0340EAD66419}
		{14A26F83-F484-402F-9594-62A7518C8B26} = {FCCE7BFA-2FCF-418C-8AED-0340EAD66419}
		{15A81170-7C76-4155-A215-E1BEA432C109} = {8B6EAFC2-2533-4FB2-8133-393B8484C910}
		{4F0F75F5-F897-4DA2-90E2-152927B9F729} = {8B6EAFC2-2533-4FB2-8133-393B8484C910}
		{C9D4ED43-43D8-4A32-B0ED-1D3B1E8BC0E1} = {8B6EAFC2-2533-4FB2-8133-393B8484C910}
		{08EEF5AE-15E2-48A5-AC13-4E5F009EA62E} = {8B6EAFC2-2533-4FB2-8133-393B8484C910}
		{B820C9BD-08DE-467A-B691-BF5D94B59CFB} = {8B6EAFC2-2533-4FB2-8133-393B8484C910}
		{3D5C1FEB-D3DF-49DC-B3EF-397BAF3B5313} = {8B6EAFC2-2533-4FB2-8133-393B8484C910}
		{8F00977D-9ABC-4098-A014-6C84C40F7A09} = {8B6EAFC2-2533-4FB2-8133-393B8484C910}
		{44F1A309-05D4-448B-A47C-E4E5F11F4B3E} = {8B6EAFC2-2533-4FB2-8133-393B8484C910}
		{31CD0891-1A9F-49D8-803C-44375D090A9F} = {8B6EAFC2-2533-4FB2-8133-393B8484C910}
		{B8499486-A6A0-46D8-83CD-EABE5DB56C13} = {042FFA1A-11D0-406B-8C3B-69038266212E}
		{C00B0FEE-6639-47C5-9523-9B4BF5E893BF} = {042FFA1A-11D0-406B-8C3B-69038266212E}
		{CB9D591D-3E1D-4CD5-ACFC-C33EAF0D1DF1} = {042FFA1A-11D0-406B-8C3B-69038266212E}
		{889CDDAD-C6B0-4371-974A-7A6B336F34F9} = {042FFA1A-11D0-406B-8C3B-69038266212E}
		{3E747D27-62BB-4AA4-B9D7-52F3A0B61C5D} = {042FFA1A-11D0-406B-8C3B-69038266212E}
		{2A15B58C-CAC2-4254-9D0A-A09E2F049C24} = {042FFA1A-11D0-406B-8C3B-69038266212E}
	EndGlobalSection
EndGlobal
